# THIS IS AN AUTOGENERATED FILE. DO NOT EDIT THIS FILE DIRECTLY.
# yarn lockfile v1


cloc@^2.0.0-cloc:
  version "2.0.0-cloc"
  resolved "https://registry.yarnpkg.com/cloc/-/cloc-2.0.0-cloc.tgz#05c8fb1fddf241e3265c0aad2a64f72b78b69a72"
  integrity sha512-hy6aS/5QbKlxyasequhfAOHOBzV1QpBeA01P8hnjnlV++OaRXazX3YLv5Mpqw0+Vh4FV4kiFhKYSV2x6CAKlpQ==

pdflatex@^0.0.1:
  version "0.0.1"
  resolved "https://registry.yarnpkg.com/pdflatex/-/pdflatex-0.0.1.tgz#00d244d021863d7f3bfd58ffc263ed23f85f1f7f"
  integrity sha512-KR2VBXWa6787szFEXiunxaa6qDAOOztCjlExLsqfd+MnhS120oZfgTo79k2nUw+zH+NqIUeVKPuuOGzyWQiTiA==
